// !$*UTF8*$!
{
	archiveVersion = 1;
	classes = {
	};
	objectVersion = 56;
	objects = {

/* Begin PBXBuildFile section */
		84509CA02AC4A3ED00557484 /* AppDelegate.swift in Sources */ = {isa = PBXBuildFile; fileRef = 84509C9F2AC4A3ED00557484 /* AppDelegate.swift */; };
		84509CA22AC4A3ED00557484 /* SceneDelegate.swift in Sources */ = {isa = PBXBuildFile; fileRef = 84509CA12AC4A3ED00557484 /* SceneDelegate.swift */; };
		84509CA42AC4A3ED00557484 /* ViewController.swift in Sources */ = {isa = PBXBuildFile; fileRef = 84509CA32AC4A3ED00557484 /* ViewController.swift */; };
		84509CA72AC4A3ED00557484 /* Main.storyboard in Resources */ = {isa = PBXBuildFile; fileRef = 84509CA52AC4A3ED00557484 /* Main.storyboard */; };
		84509CA92AC4A3F000557484 /* Assets.xcassets in Resources */ = {isa = PBXBuildFile; fileRef = 84509CA82AC4A3F000557484 /* Assets.xcassets */; };
		84509CAC2AC4A3F000557484 /* LaunchScreen.storyboard in Resources */ = {isa = PBXBuildFile; fileRef = 84509CAA2AC4A3F000557484 /* LaunchScreen.storyboard */; };
		84509CB72AC4A3F000557484 /* OGAppTests.swift in Sources */ = {isa = PBXBuildFile; fileRef = 84509CB62AC4A3F000557484 /* OGAppTests.swift */; };
		84509CC12AC4A3F000557484 /* OGAppUITests.swift in Sources */ = {isa = PBXBuildFile; fileRef = 84509CC02AC4A3F000557484 /* OGAppUITests.swift */; };
		84509CC32AC4A3F000557484 /* OGAppUITestsLaunchTests.swift in Sources */ = {isa = PBXBuildFile; fileRef = 84509CC22AC4A3F000557484 /* OGAppUITestsLaunchTests.swift */; };
/* End PBXBuildFile section */

/* Begin PBXContainerItemProxy section */
		84509CB32AC4A3F000557484 /* PBXContainerItemProxy */ = {
			isa = PBXContainerItemProxy;
			containerPortal = 84509C942AC4A3ED00557484 /* Project object */;
			proxyType = 1;
			remoteGlobalIDString = 84509C9B2AC4A3ED00557484;
			remoteInfo = OGApp;
		};
		84509CBD2AC4A3F000557484 /* PBXContainerItemProxy */ = {
			isa = PBXContainerItemProxy;
			containerPortal = 84509C942AC4A3ED00557484 /* Project object */;
			proxyType = 1;
			remoteGlobalIDString = 84509C9B2AC4A3ED00557484;
			remoteInfo = OGApp;
		};
/* End PBXContainerItemProxy section */

/* Begin PBXFileReference section */
		84509C9C2AC4A3ED00557484 /* OGApp.app */ = {isa = PBXFileReference; explicitFileType = wrapper.application; includeInIndex = 0; path = OGApp.app; sourceTree = BUILT_PRODUCTS_DIR; };
		84509C9F2AC4A3ED00557484 /* AppDelegate.swift */ = {isa = PBXFileReference; lastKnownFileType = sourcecode.swift; path = AppDelegate.swift; sourceTree = "<group>"; };
		84509CA12AC4A3ED00557484 /* SceneDelegate.swift */ = {isa = PBXFileReference; lastKnownFileType = sourcecode.swift; path = SceneDelegate.swift; sourceTree = "<group>"; };
		84509CA32AC4A3ED00557484 /* ViewController.swift */ = {isa = PBXFileReference; lastKnownFileType = sourcecode.swift; path = ViewController.swift; sourceTree = "<group>"; };
		84509CA62AC4A3ED00557484 /* Base */ = {isa = PBXFileReference; lastKnownFileType = file.storyboard; name = Base; path = Base.lproj/Main.storyboard; sourceTree = "<group>"; };
		84509CA82AC4A3F000557484 /* Assets.xcassets */ = {isa = PBXFileReference; lastKnownFileType = folder.assetcatalog; path = Assets.xcassets; sourceTree = "<group>"; };
		84509CAB2AC4A3F000557484 /* Base */ = {isa = PBXFileReference; lastKnownFileType = file.storyboard; name = Base; path = Base.lproj/LaunchScreen.storyboard; sourceTree = "<group>"; };
		84509CAD2AC4A3F000557484 /* Info.plist */ = {isa = PBXFileReference; lastKnownFileType = text.plist.xml; path = Info.plist; sourceTree = "<group>"; };
		84509CB22AC4A3F000557484 /* OGAppTests.xctest */ = {isa = PBXFileReference; explicitFileType = wrapper.cfbundle; includeInIndex = 0; path = OGAppTests.xctest; sourceTree = BUILT_PRODUCTS_DIR; };
		84509CB62AC4A3F000557484 /* OGAppTests.swift */ = {isa = PBXFileReference; lastKnownFileType = sourcecode.swift; path = OGAppTests.swift; sourceTree = "<group>"; };
		84509CBC2AC4A3F000557484 /* OGAppUITests.xctest */ = {isa = PBXFileReference; explicitFileType = wrapper.cfbundle; includeInIndex = 0; path = OGAppUITests.xctest; sourceTree = BUILT_PRODUCTS_DIR; };
		84509CC02AC4A3F000557484 /* OGAppUITests.swift */ = {isa = PBXFileReference; lastKnownFileType = sourcecode.swift; path = OGAppUITests.swift; sourceTree = "<group>"; };
		84509CC22AC4A3F000557484 /* OGAppUITestsLaunchTests.swift */ = {isa = PBXFileReference; lastKnownFileType = sourcecode.swift; path = OGAppUITestsLaunchTests.swift; sourceTree = "<group>"; };
/* End PBXFileReference section */

/* Begin PBXFrameworksBuildPhase section */
		84509C992AC4A3ED00557484 /* Frameworks */ = {
			isa = PBXFrameworksBuildPhase;
			buildActionMask = 2147483647;
			files = (
			);
			runOnlyForDeploymentPostprocessing = 0;
		};
		84509CAF2AC4A3F000557484 /* Frameworks */ = {
			isa = PBXFrameworksBuildPhase;
			buildActionMask = 2147483647;
			files = (
			);
			runOnlyForDeploymentPostprocessing = 0;
		};
		84509CB92AC4A3F000557484 /* Frameworks */ = {
			isa = PBXFrameworksBuildPhase;
			buildActionMask = 2147483647;
			files = (
			);
			runOnlyForDeploymentPostprocessing = 0;
		};
/* End PBXFrameworksBuildPhase section */

/* Begin PBXGroup section */
		84509C932AC4A3ED00557484 = {
			isa = PBXGroup;
			children = (
				84509C9E2AC4A3ED00557484 /* OGApp */,
				84509CB52AC4A3F000557484 /* OGAppTests */,
				84509CBF2AC4A3F000557484 /* OGAppUITests */,
				84509C9D2AC4A3ED00557484 /* Products */,
			);
			sourceTree = "<group>";
		};
		84509C9D2AC4A3ED00557484 /* Products */ = {
			isa = PBXGroup;
			children = (
				84509C9C2AC4A3ED00557484 /* OGApp.app */,
				84509CB22AC4A3F000557484 /* OGAppTests.xctest */,
				84509CBC2AC4A3F000557484 /* OGAppUITests.xctest */,
			);
			name = Products;
			sourceTree = "<group>";
		};
		84509C9E2AC4A3ED00557484 /* OGApp */ = {
			isa = PBXGroup;
			children = (
				84509C9F2AC4A3ED00557484 /* AppDelegate.swift */,
				84509CA12AC4A3ED00557484 /* SceneDelegate.swift */,
				84509CA32AC4A3ED00557484 /* ViewController.swift */,
				84509CA52AC4A3ED00557484 /* Main.storyboard */,
				84509CA82AC4A3F000557484 /* Assets.xcassets */,
				84509CAA2AC4A3F000557484 /* LaunchScreen.storyboard */,
				84509CAD2AC4A3F000557484 /* Info.plist */,
			);
			path = OGApp;
			sourceTree = "<group>";
		};
		84509CB52AC4A3F000557484 /* OGAppTests */ = {
			isa = PBXGroup;
			children = (
				84509CB62AC4A3F000557484 /* OGAppTests.swift */,
			);
			path = OGAppTests;
			sourceTree = "<group>";
		};
		84509CBF2AC4A3F000557484 /* OGAppUITests */ = {
			isa = PBXGroup;
			children = (
				84509CC02AC4A3F000557484 /* OGAppUITests.swift */,
				84509CC22AC4A3F000557484 /* OGAppUITestsLaunchTests.swift */,
			);
			path = OGAppUITests;
			sourceTree = "<group>";
		};
/* End PBXGroup section */

/* Begin PBXNativeTarget section */
		84509C9B2AC4A3ED00557484 /* OGApp */ = {
			isa = PBXNativeTarget;
			buildConfigurationList = 84509CC62AC4A3F000557484 /* Build configuration list for PBXNativeTarget "OGApp" */;
			buildPhases = (
				84509C982AC4A3ED00557484 /* Sources */,
				84509C992AC4A3ED00557484 /* Frameworks */,
				84509C9A2AC4A3ED00557484 /* Resources */,
			);
			buildRules = (
			);
			dependencies = (
			);
			name = OGApp;
			productName = OGApp;
			productReference = 84509C9C2AC4A3ED00557484 /* OGApp.app */;
			productType = "com.apple.product-type.application";
		};
		84509CB12AC4A3F000557484 /* OGAppTests */ = {
			isa = PBXNativeTarget;
			buildConfigurationList = 84509CC92AC4A3F000557484 /* Build configuration list for PBXNativeTarget "OGAppTests" */;
			buildPhases = (
				84509CAE2AC4A3F000557484 /* Sources */,
				84509CAF2AC4A3F000557484 /* Frameworks */,
				84509CB02AC4A3F000557484 /* Resources */,
			);
			buildRules = (
			);
			dependencies = (
				84509CB42AC4A3F000557484 /* PBXTargetDependency */,
			);
			name = OGAppTests;
			productName = OGAppTests;
			productReference = 84509CB22AC4A3F000557484 /* OGAppTests.xctest */;
			productType = "com.apple.product-type.bundle.unit-test";
		};
		84509CBB2AC4A3F000557484 /* OGAppUITests */ = {
			isa = PBXNativeTarget;
			buildConfigurationList = 84509CCC2AC4A3F000557484 /* Build configuration list for PBXNativeTarget "OGAppUITests" */;
			buildPhases = (
				84509CB82AC4A3F000557484 /* Sources */,
				84509CB92AC4A3F000557484 /* Frameworks */,
				84509CBA2AC4A3F000557484 /* Resources */,
			);
			buildRules = (
			);
			dependencies = (
				84509CBE2AC4A3F000557484 /* PBXTargetDependency */,
			);
			name = OGAppUITests;
			productName = OGAppUITests;
			productReference = 84509CBC2AC4A3F000557484 /* OGAppUITests.xctest */;
			productType = "com.apple.product-type.bundle.ui-testing";
		};
/* End PBXNativeTarget section */

/* Begin PBXProject section */
		84509C942AC4A3ED00557484 /* Project object */ = {
			isa = PBXProject;
			attributes = {
				BuildIndependentTargetsInParallel = 1;
				LastSwiftUpdateCheck = 1500;
				LastUpgradeCheck = 1500;
				TargetAttributes = {
					84509C9B2AC4A3ED00557484 = {
						CreatedOnToolsVersion = 15.0;
					};
					84509CB12AC4A3F000557484 = {
						CreatedOnToolsVersion = 15.0;
						TestTargetID = 84509C9B2AC4A3ED00557484;
					};
					84509CBB2AC4A3F000557484 = {
						CreatedOnToolsVersion = 15.0;
						TestTargetID = 84509C9B2AC4A3ED00557484;
					};
				};
			};
			buildConfigurationList = 84509C972AC4A3ED00557484 /* Build configuration list for PBXProject "OGApp" */;
			compatibilityVersion = "Xcode 14.0";
			developmentRegion = en;
			hasScannedForEncodings = 0;
			knownRegions = (
				en,
				Base,
			);
			mainGroup = 84509C932AC4A3ED00557484;
			productRefGroup = 84509C9D2AC4A3ED00557484 /* Products */;
			projectDirPath = "";
			projectRoot = "";
			targets = (
				84509C9B2AC4A3ED00557484 /* OGApp */,
				84509CB12AC4A3F000557484 /* OGAppTests */,
				84509CBB2AC4A3F000557484 /* OGAppUITests */,
			);
		};
/* End PBXProject section */

/* Begin PBXResourcesBuildPhase section */
		84509C9A2AC4A3ED00557484 /* Resources */ = {
			isa = PBXResourcesBuildPhase;
			buildActionMask = 2147483647;
			files = (
				84509CAC2AC4A3F000557484 /* LaunchScreen.storyboard in Resources */,
				84509CA92AC4A3F000557484 /* Assets.xcassets in Resources */,
				84509CA72AC4A3ED00557484 /* Main.storyboard in Resources */,
			);
			runOnlyForDeploymentPostprocessing = 0;
		};
		84509CB02AC4A3F000557484 /* Resources */ = {
			isa = PBXResourcesBuildPhase;
			buildActionMask = 2147483647;
			files = (
			);
			runOnlyForDeploymentPostprocessing = 0;
		};
		84509CBA2AC4A3F000557484 /* Resources */ = {
			isa = PBXResourcesBuildPhase;
			buildActionMask = 2147483647;
			files = (
			);
			runOnlyForDeploymentPostprocessing = 0;
		};
/* End PBXResourcesBuildPhase section */

/* Begin PBXSourcesBuildPhase section */
		84509C982AC4A3ED00557484 /* Sources */ = {
			isa = PBXSourcesBuildPhase;
			buildActionMask = 2147483647;
			files = (
				84509CA42AC4A3ED00557484 /* ViewController.swift in Sources */,
				84509CA02AC4A3ED00557484 /* AppDelegate.swift in Sources */,
				84509CA22AC4A3ED00557484 /* SceneDelegate.swift in Sources */,
			);
			runOnlyForDeploymentPostprocessing = 0;
		};
		84509CAE2AC4A3F000557484 /* Sources */ = {
			isa = PBXSourcesBuildPhase;
			buildActionMask = 2147483647;
			files = (
				84509CB72AC4A3F000557484 /* OGAppTests.swift in Sources */,
			);
			runOnlyForDeploymentPostprocessing = 0;
		};
		84509CB82AC4A3F000557484 /* Sources */ = {
			isa = PBXSourcesBuildPhase;
			buildActionMask = 2147483647;
			files = (
				84509CC32AC4A3F000557484 /* OGAppUITestsLaunchTests.swift in Sources */,
				84509CC12AC4A3F000557484 /* OGAppUITests.swift in Sources */,
			);
			runOnlyForDeploymentPostprocessing = 0;
		};
/* End PBXSourcesBuildPhase section */

/* Begin PBXTargetDependency section */
		84509CB42AC4A3F000557484 /* PBXTargetDependency */ = {
			isa = PBXTargetDependency;
			target = 84509C9B2AC4A3ED00557484 /* OGApp */;
			targetProxy = 84509CB32AC4A3F000557484 /* PBXContainerItemProxy */;
		};
		84509CBE2AC4A3F000557484 /* PBXTargetDependency */ = {
			isa = PBXTargetDependency;
			target = 84509C9B2AC4A3ED00557484 /* OGApp */;
			targetProxy = 84509CBD2AC4A3F000557484 /* PBXContainerItemProxy */;
		};
/* End PBXTargetDependency section */

/* Begin PBXVariantGroup section */
		84509CA52AC4A3ED00557484 /* Main.storyboard */ = {
			isa = PBXVariantGroup;
			children = (
				84509CA62AC4A3ED00557484 /* Base */,
			);
			name = Main.storyboard;
			sourceTree = "<group>";
		};
		84509CAA2AC4A3F000557484 /* LaunchScreen.storyboard */ = {
			isa = PBXVariantGroup;
			children = (
				84509CAB2AC4A3F000557484 /* Base */,
			);
			name = LaunchScreen.storyboard;
			sourceTree = "<group>";
		};
/* End PBXVariantGroup section */

/* Begin XCBuildConfiguration section */
		84509CC42AC4A3F000557484 /* Debug */ = {
			isa = XCBuildConfiguration;
			buildSettings = {
				ALWAYS_SEARCH_USER_PATHS = NO;
				ASSETCATALOG_COMPILER_GENERATE_SWIFT_ASSET_SYMBOL_EXTENSIONS = YES;
				CLANG_ANALYZER_NONNULL = YES;
				CLANG_ANALYZER_NUMBER_OBJECT_CONVERSION = YES_AGGRESSIVE;
				CLANG_CXX_LANGUAGE_STANDARD = "gnu++20";
				CLANG_ENABLE_MODULES = YES;
				CLANG_ENABLE_OBJC_ARC = YES;
				CLANG_ENABLE_OBJC_WEAK = YES;
				CLANG_WARN_BLOCK_CAPTURE_AUTORELEASING = YES;
				CLANG_WARN_BOOL_CONVERSION = YES;
				CLANG_WARN_COMMA = YES;
				CLANG_WARN_CONSTANT_CONVERSION = YES;
				CLANG_WARN_DEPRECATED_OBJC_IMPLEMENTATIONS = YES;
				CLANG_WARN_DIRECT_OBJC_ISA_USAGE = YES_ERROR;
				CLANG_WARN_DOCUMENTATION_COMMENTS = YES;
				CLANG_WARN_EMPTY_BODY = YES;
				CLANG_WARN_ENUM_CONVERSION = YES;
				CLANG_WARN_INFINITE_RECURSION = YES;
				CLANG_WARN_INT_CONVERSION = YES;
				CLANG_WARN_NON_LITERAL_NULL_CONVERSION = YES;
				CLANG_WARN_OBJC_IMPLICIT_RETAIN_SELF = YES;
				CLANG_WARN_OBJC_LITERAL_CONVERSION = YES;
				CLANG_WARN_OBJC_ROOT_CLASS = YES_ERROR;
				CLANG_WARN_QUOTED_INCLUDE_IN_FRAMEWORK_HEADER = YES;
				CLANG_WARN_RANGE_LOOP_ANALYSIS = YES;
				CLANG_WARN_STRICT_PROTOTYPES = YES;
				CLANG_WARN_SUSPICIOUS_MOVE = YES;
				CLANG_WARN_UNGUARDED_AVAILABILITY = YES_AGGRESSIVE;
				CLANG_WARN_UNREACHABLE_CODE = YES;
				CLANG_WARN__DUPLICATE_METHOD_MATCH = YES;
				COPY_PHASE_STRIP = NO;
				DEBUG_INFORMATION_FORMAT = dwarf;
				ENABLE_STRICT_OBJC_MSGSEND = YES;
				ENABLE_TESTABILITY = YES;
				ENABLE_USER_SCRIPT_SANDBOXING = YES;
				GCC_C_LANGUAGE_STANDARD = gnu17;
				GCC_DYNAMIC_NO_PIC = NO;
				GCC_NO_COMMON_BLOCKS = YES;
				GCC_OPTIMIZATION_LEVEL = 0;
				GCC_PREPROCESSOR_DEFINITIONS = (
					"DEBUG=1",
					"$(inherited)",
				);
				GCC_WARN_64_TO_32_BIT_CONVERSION = YES;
				GCC_WARN_ABOUT_RETURN_TYPE = YES_ERROR;
				GCC_WARN_UNDECLARED_SELECTOR = YES;
				GCC_WARN_UNINITIALIZED_AUTOS = YES_AGGRESSIVE;
				GCC_WARN_UNUSED_FUNCTION = YES;
				GCC_WARN_UNUSED_VARIABLE = YES;
				IPHONEOS_DEPLOYMENT_TARGET = 17.0;
				LOCALIZATION_PREFERS_STRING_CATALOGS = YES;
				MTL_ENABLE_DEBUG_INFO = INCLUDE_SOURCE;
				MTL_FAST_MATH = YES;
				ONLY_ACTIVE_ARCH = YES;
				SDKROOT = iphoneos;
				SWIFT_ACTIVE_COMPILATION_CONDITIONS = "DEBUG $(inherited)";
				SWIFT_OPTIMIZATION_LEVEL = "-Onone";
			};
			name = Debug;
		};
		84509CC52AC4A3F000557484 /* Release */ = {
			isa = XCBuildConfiguration;
			buildSettings = {
				ALWAYS_SEARCH_USER_PATHS = NO;
				ASSETCATALOG_COMPILER_GENERATE_SWIFT_ASSET_SYMBOL_EXTENSIONS = YES;
				CLANG_ANALYZER_NONNULL = YES;
				CLANG_ANALYZER_NUMBER_OBJECT_CONVERSION = YES_AGGRESSIVE;
				CLANG_CXX_LANGUAGE_STANDARD = "gnu++20";
				CLANG_ENABLE_MODULES = YES;
				CLANG_ENABLE_OBJC_ARC = YES;
				CLANG_ENABLE_OBJC_WEAK = YES;
				CLANG_WARN_BLOCK_CAPTURE_AUTORELEASING = YES;
				CLANG_WARN_BOOL_CONVERSION = YES;
				CLANG_WARN_COMMA = YES;
				CLANG_WARN_CONSTANT_CONVERSION = YES;
				CLANG_WARN_DEPRECATED_OBJC_IMPLEMENTATIONS = YES;
				CLANG_WARN_DIRECT_OBJC_ISA_USAGE = YES_ERROR;
				CLANG_WARN_DOCUMENTATION_COMMENTS = YES;
				CLANG_WARN_EMPTY_BODY = YES;
				CLANG_WARN_ENUM_CONVERSION = YES;
				CLANG_WARN_INFINITE_RECURSION = YES;
				CLANG_WARN_INT_CONVERSION = YES;
				CLANG_WARN_NON_LITERAL_NULL_CONVERSION = YES;
				CLANG_WARN_OBJC_IMPLICIT_RETAIN_SELF = YES;
				CLANG_WARN_OBJC_LITERAL_CONVERSION = YES;
				CLANG_WARN_OBJC_ROOT_CLASS = YES_ERROR;
				CLANG_WARN_QUOTED_INCLUDE_IN_FRAMEWORK_HEADER = YES;
				CLANG_WARN_RANGE_LOOP_ANALYSIS = YES;
				CLANG_WARN_STRICT_PROTOTYPES = YES;
				CLANG_WARN_SUSPICIOUS_MOVE = YES;
				CLANG_WARN_UNGUARDED_AVAILABILITY = YES_AGGRESSIVE;
				CLANG_WARN_UNREACHABLE_CODE = YES;
				CLANG_WARN__DUPLICATE_METHOD_MATCH = YES;
				COPY_PHASE_STRIP = NO;
				DEBUG_INFORMATION_FORMAT = "dwarf-with-dsym";
				ENABLE_NS_ASSERTIONS = NO;
				ENABLE_STRICT_OBJC_MSGSEND = YES;
				ENABLE_USER_SCRIPT_SANDBOXING = YES;
				GCC_C_LANGUAGE_STANDARD = gnu17;
				GCC_NO_COMMON_BLOCKS = YES;
				GCC_WARN_64_TO_32_BIT_CONVERSION = YES;
				GCC_WARN_ABOUT_RETURN_TYPE = YES_ERROR;
				GCC_WARN_UNDECLARED_SELECTOR = YES;
				GCC_WARN_UNINITIALIZED_AUTOS = YES_AGGRESSIVE;
				GCC_WARN_UNUSED_FUNCTION = YES;
				GCC_WARN_UNUSED_VARIABLE = YES;
				IPHONEOS_DEPLOYMENT_TARGET = 17.0;
				LOCALIZATION_PREFERS_STRING_CATALOGS = YES;
				MTL_ENABLE_DEBUG_INFO = NO;
				MTL_FAST_MATH = YES;
				SDKROOT = iphoneos;
				SWIFT_COMPILATION_MODE = wholemodule;
				VALIDATE_PRODUCT = YES;
			};
			name = Release;
		};
		84509CC72AC4A3F000557484 /* Debug */ = {
			isa = XCBuildConfiguration;
			buildSettings = {
				ASSETCATALOG_COMPILER_APPICON_NAME = AppIcon;
				ASSETCATALOG_COMPILER_GLOBAL_ACCENT_COLOR_NAME = AccentColor;
				CODE_SIGN_STYLE = Automatic;
				CURRENT_PROJECT_VERSION = 1;
				GENERATE_INFOPLIST_FILE = YES;
				INFOPLIST_FILE = OGApp/Info.plist;
				INFOPLIST_KEY_UIApplicationSupportsIndirectInputEvents = YES;
				INFOPLIST_KEY_UILaunchStoryboardName = LaunchScreen;
				INFOPLIST_KEY_UIMainStoryboardFile = Main;
				INFOPLIST_KEY_UISupportedInterfaceOrientations_iPad = "UIInterfaceOrientationPortrait UIInterfaceOrientationPortraitUpsideDown UIInterfaceOrientationLandscapeLeft UIInterfaceOrientationLandscapeRight";
				INFOPLIST_KEY_UISupportedInterfaceOrientations_iPhone = "UIInterfaceOrientationPortrait UIInterfaceOrientationLandscapeLeft UIInterfaceOrientationLandscapeRight";
				IPHONEOS_DEPLOYMENT_TARGET = 13.0;
				LD_RUNPATH_SEARCH_PATHS = (
					"$(inherited)",
					"@executable_path/Frameworks",
				);
				MARKETING_VERSION = 1.0;
				PRODUCT_BUNDLE_IDENTIFIER = com.ogcompany.OGApp;
				PRODUCT_NAME = "$(TARGET_NAME)";
				SWIFT_EMIT_LOC_STRINGS = YES;
				SWIFT_VERSION = 5.0;
				TARGETED_DEVICE_FAMILY = "1,2";
			};
			name = Debug;
		};
		84509CC82AC4A3F000557484 /* Release */ = {
			isa = XCBuildConfiguration;
			buildSettings = {
				ASSETCATALOG_COMPILER_APPICON_NAME = AppIcon;
				ASSETCATALOG_COMPILER_GLOBAL_ACCENT_COLOR_NAME = AccentColor;
				CODE_SIGN_STYLE = Automatic;
				CURRENT_PROJECT_VERSION = 1;
				GENERATE_INFOPLIST_FILE = YES;
				INFOPLIST_FILE = OGApp/Info.plist;
				INFOPLIST_KEY_UIApplicationSupportsIndirectInputEvents = YES;
				INFOPLIST_KEY_UILaunchStoryboardName = LaunchScreen;
				INFOPLIST_KEY_UIMainStoryboardFile = Main;
				INFOPLIST_KEY_UISupportedInterfaceOrientations_iPad = "UIInterfaceOrientationPortrait UIInterfaceOrientationPortraitUpsideDown UIInterfaceOrientationLandscapeLeft UIInterfaceOrientationLandscapeRight";
				INFOPLIST_KEY_UISupportedInterfaceOrientations_iPhone = "UIInterfaceOrientationPortrait UIInterfaceOrientationLandscapeLeft UIInterfaceOrientationLandscapeRight";
				IPHONEOS_DEPLOYMENT_TARGET = 13.0;
				LD_RUNPATH_SEARCH_PATHS = (
					"$(inherited)",
					"@executable_path/Frameworks",
				);
				MARKETING_VERSION = 1.0;
				PRODUCT_BUNDLE_IDENTIFIER = com.ogcompany.OGApp;
				PRODUCT_NAME = "$(TARGET_NAME)";
				SWIFT_EMIT_LOC_STRINGS = YES;
				SWIFT_VERSION = 5.0;
				TARGETED_DEVICE_FAMILY = "1,2";
			};
			name = Release;
		};
		84509CCA2AC4A3F000557484 /* Debug */ = {
			isa = XCBuildConfiguration;
			buildSettings = {
				ALWAYS_EMBED_SWIFT_STANDARD_LIBRARIES = YES;
				BUNDLE_LOADER = "$(TEST_HOST)";
				CODE_SIGN_STYLE = Automatic;
				CURRENT_PROJECT_VERSION = 1;
				GENERATE_INFOPLIST_FILE = YES;
				IPHONEOS_DEPLOYMENT_TARGET = 17.0;
				MARKETING_VERSION = 1.0;
				PRODUCT_BUNDLE_IDENTIFIER = com.ogcompany.OGAppTests;
				PRODUCT_NAME = "$(TARGET_NAME)";
				SWIFT_EMIT_LOC_STRINGS = NO;
				SWIFT_VERSION = 5.0;
				TARGETED_DEVICE_FAMILY = "1,2";
				TEST_HOST = "$(BUILT_PRODUCTS_DIR)/OGApp.app/$(BUNDLE_EXECUTABLE_FOLDER_PATH)/OGApp";
			};
			name = Debug;
		};
		84509CCB2AC4A3F000557484 /* Release */ = {
			isa = XCBuildConfiguration;
			buildSettings = {
				ALWAYS_EMBED_SWIFT_STANDARD_LIBRARIES = YES;
				BUNDLE_LOADER = "$(TEST_HOST)";
				CODE_SIGN_STYLE = Automatic;
				CURRENT_PROJECT_VERSION = 1;
				GENERATE_INFOPLIST_FILE = YES;
				IPHONEOS_DEPLOYMENT_TARGET = 17.0;
				MARKETING_VERSION = 1.0;
				PRODUCT_BUNDLE_IDENTIFIER = com.ogcompany.OGAppTests;
				PRODUCT_NAME = "$(TARGET_NAME)";
				SWIFT_EMIT_LOC_STRINGS = NO;
				SWIFT_VERSION = 5.0;
				TARGETED_DEVICE_FAMILY = "1,2";
				TEST_HOST = "$(BUILT_PRODUCTS_DIR)/OGApp.app/$(BUNDLE_EXECUTABLE_FOLDER_PATH)/OGApp";
			};
			name = Release;
		};
		84509CCD2AC4A3F000557484 /* Debug */ = {
			isa = XCBuildConfiguration;
			buildSettings = {
				ALWAYS_EMBED_SWIFT_STANDARD_LIBRARIES = YES;
				CODE_SIGN_STYLE = Automatic;
				CURRENT_PROJECT_VERSION = 1;
				GENERATE_INFOPLIST_FILE = YES;
				MARKETING_VERSION = 1.0;
				PRODUCT_BUNDLE_IDENTIFIER = com.ogcompany.OGAppUITests;
				PRODUCT_NAME = "$(TARGET_NAME)";
				SWIFT_EMIT_LOC_STRINGS = NO;
				SWIFT_VERSION = 5.0;
				TARGETED_DEVICE_FAMILY = "1,2";
				TEST_TARGET_NAME = OGApp;
			};
			name = Debug;
		};
		84509CCE2AC4A3F000557484 /* Release */ = {
			isa = XCBuildConfiguration;
			buildSettings = {
				ALWAYS_EMBED_SWIFT_STANDARD_LIBRARIES = YES;
				CODE_SIGN_STYLE = Automatic;
				CURRENT_PROJECT_VERSION = 1;
				GENERATE_INFOPLIST_FILE = YES;
				MARKETING_VERSION = 1.0;
				PRODUCT_BUNDLE_IDENTIFIER = com.ogcompany.OGAppUITests;
				PRODUCT_NAME = "$(TARGET_NAME)";
				SWIFT_EMIT_LOC_STRINGS = NO;
				SWIFT_VERSION = 5.0;
				TARGETED_DEVICE_FAMILY = "1,2";
				TEST_TARGET_NAME = OGApp;
			};
			name = Release;
		};
/* End XCBuildConfiguration section */

/* Begin XCConfigurationList section */
		84509C972AC4A3ED00557484 /* Build configuration list for PBXProject "OGApp" */ = {
			isa = XCConfigurationList;
			buildConfigurations = (
				84509CC42AC4A3F000557484 /* Debug */,
				84509CC52AC4A3F000557484 /* Release */,
			);
			defaultConfigurationIsVisible = 0;
			defaultConfigurationName = Release;
		};
		84509CC62AC4A3F000557484 /* Build configuration list for PBXNativeTarget "OGApp" */ = {
			isa = XCConfigurationList;
			buildConfigurations = (
				84509CC72AC4A3F000557484 /* Debug */,
				84509CC82AC4A3F000557484 /* Release */,
			);
			defaultConfigurationIsVisible = 0;
			defaultConfigurationName = Release;
		};
		84509CC92AC4A3F000557484 /* Build configuration list for PBXNativeTarget "OGAppTests" */ = {
			isa = XCConfigurationList;
			buildConfigurations = (
				84509CCA2AC4A3F000557484 /* Debug */,
				84509CCB2AC4A3F000557484 /* Release */,
			);
			defaultConfigurationIsVisible = 0;
			defaultConfigurationName = Release;
		};
		84509CCC2AC4A3F000557484 /* Build configuration list for PBXNativeTarget "OGAppUITests" */ = {
			isa = XCConfigurationList;
			buildConfigurations = (
				84509CCD2AC4A3F000557484 /* Debug */,
				84509CCE2AC4A3F000557484 /* Release */,
			);
			defaultConfigurationIsVisible = 0;
			defaultConfigurationName = Release;
		};
/* End XCConfigurationList section */
	};
	rootObject = 84509C942AC4A3ED00557484 /* Project object */;
}
